
Microsoft Visual Studio Solution File, Format Version 12.00
# Visual Studio Version 17
VisualStudioVersion = 17.10.35013.160
MinimumVisualStudioVersion = 10.0.40219.1
Project("{FAE04EC0-301F-11D3-BF4B-00C04F79EFBC}") = "DigitalSolutionPrueba.Api", "DigitalSolutionPrueba.Api\DigitalSolutionPrueba.Api.csproj", "{289FD6E2-8D38-46DB-8152-6A325ED75C36}"
EndProject
Project("{FAE04EC0-301F-11D3-BF4B-00C04F79EFBC}") = "DigitalSolutionPrueba.Application", "DigitalSolutionPrueba.Application\DigitalSolutionPrueba.Application.csproj", "{2F7AF220-2598-4DAC-82BE-84A686B0E536}"
EndProject
Project("{FAE04EC0-301F-11D3-BF4B-00C04F79EFBC}") = "DigitalSolutionPrueba.Domain", "DigitalSolutionPrueba.Domain\DigitalSolutionPrueba.Domain.csproj", "{30633FC7-6057-4C3F-9FA4-ADFDB9193EC4}"
EndProject
Project("{FAE04EC0-301F-11D3-BF4B-00C04F79EFBC}") = "DigitalSolutionPrueba.Infrastructure", "DigitalSolutionPrueba.Infrastructure\DigitalSolutionPrueba.Infrastructure.csproj", "{4FEC4B71-2877-420B-A35B-2407487432D4}"
EndProject
Project("{FAE04EC0-301F-11D3-BF4B-00C04F79EFBC}") = "DigitalSolutionPrueba.UnitTests", "DigitalSolutionPrueba.UnitTests\DigitalSolutionPrueba.UnitTests.csproj", "{01275F73-E1DA-4F6F-BB4F-1A4FBA4C4BBD}"
EndProject
Global
	GlobalSection(SolutionConfigurationPlatforms) = preSolution
		Debug|Any CPU = Debug|Any CPU
		Release|Any CPU = Release|Any CPU
	EndGlobalSection
	GlobalSection(ProjectConfigurationPlatforms) = postSolution
		{289FD6E2-8D38-46DB-8152-6A325ED75C36}.Debug|Any CPU.ActiveCfg = Debug|Any CPU
		{289FD6E2-8D38-46DB-8152-6A325ED75C36}.Debug|Any CPU.Build.0 = Debug|Any CPU
		{289FD6E2-8D38-46DB-8152-6A325ED75C36}.Release|Any CPU.ActiveCfg = Release|Any CPU
		{289FD6E2-8D38-46DB-8152-6A325ED75C36}.Release|Any CPU.Build.0 = Release|Any CPU
		{2F7AF220-2598-4DAC-82BE-84A686B0E536}.Debug|Any CPU.ActiveCfg = Debug|Any CPU
		{2F7AF220-2598-4DAC-82BE-84A686B0E536}.Debug|Any CPU.Build.0 = Debug|Any CPU
		{2F7AF220-2598-4DAC-82BE-84A686B0E536}.Release|Any CPU.ActiveCfg = Release|Any CPU
		{2F7AF220-2598-4DAC-82BE-84A686B0E536}.Release|Any CPU.Build.0 = Release|Any CPU
		{30633FC7-6057-4C3F-9FA4-ADFDB9193EC4}.Debug|Any CPU.ActiveCfg = Debug|Any CPU
		{30633FC7-6057-4C3F-9FA4-ADFDB9193EC4}.Debug|Any CPU.Build.0 = Debug|Any CPU
		{30633FC7-6057-4C3F-9FA4-ADFDB9193EC4}.Release|Any CPU.ActiveCfg = Release|Any CPU
		{30633FC7-6057-4C3F-9FA4-ADFDB9193EC4}.Release|Any CPU.Build.0 = Release|Any CPU
		{4FEC4B71-2877-420B-A35B-2407487432D4}.Debug|Any CPU.ActiveCfg = Debug|Any CPU
		{4FEC4B71-2877-420B-A35B-2407487432D4}.Debug|Any CPU.Build.0 = Debug|Any CPU
		{4FEC4B71-2877-420B-A35B-2407487432D4}.Release|Any CPU.ActiveCfg = Release|Any CPU
		{4FEC4B71-2877-420B-A35B-2407487432D4}.Release|Any CPU.Build.0 = Release|Any CPU
		{01275F73-E1DA-4F6F-BB4F-1A4FBA4C4BBD}.Debug|Any CPU.ActiveCfg = Debug|Any CPU
		{01275F73-E1DA-4F6F-BB4F-1A4FBA4C4BBD}.Debug|Any CPU.Build.0 = Debug|Any CPU
		{01275F73-E1DA-4F6F-BB4F-1A4FBA4C4BBD}.Release|Any CPU.ActiveCfg = Release|Any CPU
		{01275F73-E1DA-4F6F-BB4F-1A4FBA4C4BBD}.Release|Any CPU.Build.0 = Release|Any CPU
	EndGlobalSection
	GlobalSection(SolutionProperties) = preSolution
		HideSolutionNode = FALSE
	EndGlobalSection
	GlobalSection(ExtensibilityGlobals) = postSolution
		SolutionGuid = {E9663EB9-015C-45B1-BAE5-340873B7CA35}
	EndGlobalSection
EndGlobal
